
Microsoft Visual Studio Solution File, Format Version 12.00
# Visual Studio Version 17
VisualStudioVersion = 17.14.36518.9
MinimumVisualStudioVersion = 10.0.40219.1
Project("{2150E333-8FDC-42A3-9474-1A3956D46DE8}") = "src", "src", "{827E0CD3-B72D-47B6-A68D-7590B98EB39B}"
EndProject
Project("{2150E333-8FDC-42A3-9474-1A3956D46DE8}") = "BuildingBlocks", "BuildingBlocks", "{90298CBA-BD6F-3A0A-69D5-97CAD7B05E7E}"
EndProject
Project("{FAE04EC0-301F-11D3-BF4B-00C04F79EFBC}") = "Shared.Abstractions", "src\BuildingBlocks\Shared.Abstractions\Shared.Abstractions.csproj", "{BD723EEA-CF5E-4504-9575-939AB8D48768}"
EndProject
Project("{FAE04EC0-301F-11D3-BF4B-00C04F79EFBC}") = "Shared.Persistence", "src\BuildingBlocks\Shared.Persistence\Shared.Persistence.csproj", "{A0ED8042-7A71-4D08-BEDB-570F817BD414}"
EndProject
Project("{2150E333-8FDC-42A3-9474-1A3956D46DE8}") = "Catalog", "Catalog", "{AE156C2D-CEB6-2932-52E1-7BB3F5577BA2}"
EndProject
Project("{FAE04EC0-301F-11D3-BF4B-00C04F79EFBC}") = "Catalog.Api", "src\Catalog\Catalog.Api\Catalog.Api.csproj", "{B4C0C8D1-A8DB-4419-B6E7-5511C6027612}"
EndProject
Project("{FAE04EC0-301F-11D3-BF4B-00C04F79EFBC}") = "Catalog.Application", "src\Catalog\Catalog.Application\Catalog.Application.csproj", "{A6477F1B-40F4-44E6-827A-BBBE4E5B6607}"
EndProject
Project("{FAE04EC0-301F-11D3-BF4B-00C04F79EFBC}") = "Catalog.Domain", "src\Catalog\Catalog.Domain\Catalog.Domain.csproj", "{0AA753F0-6182-4600-A185-BA16B392EDAB}"
EndProject
Project("{FAE04EC0-301F-11D3-BF4B-00C04F79EFBC}") = "Catalog.Infrastructure", "src\Catalog\Catalog.Infrastructure\Catalog.Infrastructure.csproj", "{A4313E01-0BE3-43D3-A4C0-1943851A6178}"
EndProject
Project("{2150E333-8FDC-42A3-9474-1A3956D46DE8}") = "Gateway", "Gateway", "{6306A8FB-679E-111F-6585-8F70E0EE6013}"
	ProjectSection(SolutionItems) = preProject
		src\Gateway\Dockerfile = src\Gateway\Dockerfile
	EndProjectSection
EndProject
Project("{FAE04EC0-301F-11D3-BF4B-00C04F79EFBC}") = "Gateway.Api", "src\Gateway\Gateway.Api\Gateway.Api.csproj", "{D11CA8A9-B842-490C-92B6-4796B10767DB}"
EndProject
Project("{2150E333-8FDC-42A3-9474-1A3956D46DE8}") = "Identity", "Identity", "{65ABFB5D-2B10-DF64-BF12-C17976F8E5D9}"
	ProjectSection(SolutionItems) = preProject
		src\Identity\Dockerfile = src\Identity\Dockerfile
	EndProjectSection
EndProject
Project("{FAE04EC0-301F-11D3-BF4B-00C04F79EFBC}") = "Identity.Api", "src\Identity\Identity.Api\Identity.Api.csproj", "{6EDB0E35-899E-4DC4-8B41-536561C534F1}"
EndProject
Project("{FAE04EC0-301F-11D3-BF4B-00C04F79EFBC}") = "Identity.Application", "src\Identity\Identity.Application\Identity.Application.csproj", "{911A4D68-7C61-471E-855C-67EE154BEFE6}"
EndProject
Project("{FAE04EC0-301F-11D3-BF4B-00C04F79EFBC}") = "Identity.Domain", "src\Identity\Identity.Domain\Identity.Domain.csproj", "{52DED702-AB53-4597-B386-462952104FAA}"
EndProject
Project("{FAE04EC0-301F-11D3-BF4B-00C04F79EFBC}") = "Identity.Infrastructure", "src\Identity\Identity.Infrastructure\Identity.Infrastructure.csproj", "{B2E19D90-2679-4BC6-8E13-2B3258152F0B}"
EndProject
Project("{2150E333-8FDC-42A3-9474-1A3956D46DE8}") = "Inventory", "Inventory", "{6646DC9B-45F7-597F-FD98-DC7F277572B1}"
	ProjectSection(SolutionItems) = preProject
		src\Inventory\Dockerfile = src\Inventory\Dockerfile
	EndProjectSection
EndProject
Project("{FAE04EC0-301F-11D3-BF4B-00C04F79EFBC}") = "Inventory.Api", "src\Inventory\Inventory.Api\Inventory.Api.csproj", "{6C9F0649-C959-476E-A887-0B38FF2F8275}"
EndProject
Project("{FAE04EC0-301F-11D3-BF4B-00C04F79EFBC}") = "Inventory.Application", "src\Inventory\Inventory.Application\Inventory.Application.csproj", "{B9663D97-A6CD-4234-BD5F-2C159DE22A0F}"
EndProject
Project("{FAE04EC0-301F-11D3-BF4B-00C04F79EFBC}") = "Inventory.Domain", "src\Inventory\Inventory.Domain\Inventory.Domain.csproj", "{EEA7CA37-B463-4AC5-A18C-D7CCF6EACCB9}"
EndProject
Project("{FAE04EC0-301F-11D3-BF4B-00C04F79EFBC}") = "Inventory.Infrastructure", "src\Inventory\Inventory.Infrastructure\Inventory.Infrastructure.csproj", "{D4A15D4D-485E-4B94-B119-18064461B897}"
EndProject
Project("{2150E333-8FDC-42A3-9474-1A3956D46DE8}") = "Ordering", "Ordering", "{F27B2340-E7BA-3D4E-2BA0-468913BF6518}"
	ProjectSection(SolutionItems) = preProject
		src\Ordering\Dockerfile = src\Ordering\Dockerfile
	EndProjectSection
EndProject
Project("{2150E333-8FDC-42A3-9474-1A3956D46DE8}") = "Payment", "Payment", "{FE9050FB-983E-C37B-EEA3-5C8ABB4CBAF9}"
	ProjectSection(SolutionItems) = preProject
		src\Payment\Dockerfile = src\Payment\Dockerfile
	EndProjectSection
EndProject
Project("{FAE04EC0-301F-11D3-BF4B-00C04F79EFBC}") = "Payment.Api", "src\Payment\Payment.Api\Payment.Api.csproj", "{F06518EF-19F1-4004-99AC-471C9F18F831}"
EndProject
Project("{FAE04EC0-301F-11D3-BF4B-00C04F79EFBC}") = "Payment.Application", "src\Payment\Payment.Application\Payment.Application.csproj", "{790C37EC-A42F-4688-B258-B8F22F6EB9EB}"
EndProject
Project("{FAE04EC0-301F-11D3-BF4B-00C04F79EFBC}") = "Payment.Domain", "src\Payment\Payment.Domain\Payment.Domain.csproj", "{E39BE30C-6FAD-430E-B723-68C37F8F45CA}"
EndProject
Project("{FAE04EC0-301F-11D3-BF4B-00C04F79EFBC}") = "Payment.Infrastructure", "src\Payment\Payment.Infrastructure\Payment.Infrastructure.csproj", "{7DB59B6F-AB1A-4C19-9014-D67EFB898383}"
EndProject
Project("{2150E333-8FDC-42A3-9474-1A3956D46DE8}") = "Product", "Product", "{7EBFC35F-CFB5-33FC-478C-BF5D9C05E6B6}"
	ProjectSection(SolutionItems) = preProject
		src\Product\Dockerfile = src\Product\Dockerfile
	EndProjectSection
EndProject
Project("{2150E333-8FDC-42A3-9474-1A3956D46DE8}") = "Basket", "Basket", "{98E264BD-0C26-7A02-C8F2-A4D3ED9FA5E1}"
	ProjectSection(SolutionItems) = preProject
		src\Basket\Dockerfile = src\Basket\Dockerfile
	EndProjectSection
EndProject
Project("{FAE04EC0-301F-11D3-BF4B-00C04F79EFBC}") = "Basket.Api", "src\Basket\Basket.Api\Basket.Api.csproj", "{1587F246-A445-6848-A2A7-CF33120EAB16}"
EndProject
Project("{FAE04EC0-301F-11D3-BF4B-00C04F79EFBC}") = "Basket.Application", "src\Basket\Basket.Application\Basket.Application.csproj", "{F7518568-131B-00CF-4BA1-17FDB757541D}"
EndProject
Project("{FAE04EC0-301F-11D3-BF4B-00C04F79EFBC}") = "Basket.Domain", "src\Basket\Basket.Domain\Basket.Domain.csproj", "{60AD0EEC-623E-AF92-5BE1-2284050671EA}"
EndProject
Project("{FAE04EC0-301F-11D3-BF4B-00C04F79EFBC}") = "Basket.Infrastructure", "src\Basket\Basket.Infrastructure\Basket.Infrastructure.csproj", "{92451DA3-F152-0575-23A0-3E5A85024C19}"
EndProject
Project("{FAE04EC0-301F-11D3-BF4B-00C04F79EFBC}") = "Ordering.Api", "src\Ordering\Ordering.Api\Ordering.Api.csproj", "{0D44676B-7F06-19D8-CB8D-71CE8228271B}"
EndProject
Project("{FAE04EC0-301F-11D3-BF4B-00C04F79EFBC}") = "Ordering.Application", "src\Ordering\Ordering.Application\Ordering.Application.csproj", "{F35C648B-2DB3-68BB-3194-FD0F080661C3}"
EndProject
Project("{FAE04EC0-301F-11D3-BF4B-00C04F79EFBC}") = "Ordering.Domain", "src\Ordering\Ordering.Domain\Ordering.Domain.csproj", "{06E8548C-04E6-531C-AC4A-EF6016F96C35}"
EndProject
Project("{FAE04EC0-301F-11D3-BF4B-00C04F79EFBC}") = "Ordering.Infrastructure", "src\Ordering\Ordering.Infrastructure\Ordering.Infrastructure.csproj", "{72E47644-8F90-5EB2-FE97-707E96AA19E4}"
EndProject
Project("{2150E333-8FDC-42A3-9474-1A3956D46DE8}") = "Orchestrator", "Orchestrator", "{02EA681E-C7D8-13C7-8484-4AC65E1B71E8}"
	ProjectSection(SolutionItems) = preProject
		src\Orchestrator\Dockerfile = src\Orchestrator\Dockerfile
	EndProjectSection
EndProject
Project("{FAE04EC0-301F-11D3-BF4B-00C04F79EFBC}") = "Orchestrator.Worker", "src\Orchestrator\Orchestrator.Worker\Orchestrator.Worker.csproj", "{4276ECAB-4D14-418A-ABE2-A4EF3B3DC9DE}"
EndProject
Project("{2150E333-8FDC-42A3-9474-1A3956D46DE8}") = "Report", "Report", "{DCD9B7EC-21B7-478A-BB3C-729827BDD673}"
	ProjectSection(SolutionItems) = preProject
		src\Report\Dockerfile = src\Report\Dockerfile
	EndProjectSection
EndProject
Project("{FAE04EC0-301F-11D3-BF4B-00C04F79EFBC}") = "Report.Domain", "src\Report\Report.Domain\Report.Domain.csproj", "{25A6764E-DDF0-47C0-88A8-DFC765E82D5E}"
EndProject
Project("{FAE04EC0-301F-11D3-BF4B-00C04F79EFBC}") = "Report.Application", "src\Report\Report.Application\Report.Application.csproj", "{0AC26FC2-A016-4B26-8663-4C880C6E7741}"
EndProject
Project("{FAE04EC0-301F-11D3-BF4B-00C04F79EFBC}") = "Report.Infrastructure", "src\Report\Report.Infrastructure\Report.Infrastructure.csproj", "{80559A12-E188-4713-8FC9-BC7C2117F7AD}"
EndProject
Project("{FAE04EC0-301F-11D3-BF4B-00C04F79EFBC}") = "Report.Api", "src\Report\Report.Api\Report.Api.csproj", "{F11E83E8-ADDB-419E-9EB4-DC5DC9845492}"
EndProject
Project("{2150E333-8FDC-42A3-9474-1A3956D46DE8}") = "Solution Items", "Solution Items", "{8EC462FD-D22E-90A8-E5CE-7E832BA40C5D}"
	ProjectSection(SolutionItems) = preProject
		.dockerignore = .dockerignore
		.env = .env
		docker-compose.yml = docker-compose.yml
	EndProjectSection
EndProject
Project("{FAE04EC0-301F-11D3-BF4B-00C04F79EFBC}") = "Product.Api", "src\Product\Product.Api\Product.Api.csproj", "{EEDF3828-16E4-4489-A218-5ECB95FD5BB1}"
EndProject
Project("{FAE04EC0-301F-11D3-BF4B-00C04F79EFBC}") = "Product.Application", "src\Product\Product.Application\Product.Application.csproj", "{E6D5BEDE-9085-4B0C-9299-232114E6427E}"
EndProject
Project("{FAE04EC0-301F-11D3-BF4B-00C04F79EFBC}") = "Product.Domain", "src\Product\Product.Domain\Product.Domain.csproj", "{B23F1EB1-57C7-41F3-B40F-4BAEAC7CADC5}"
EndProject
Project("{FAE04EC0-301F-11D3-BF4B-00C04F79EFBC}") = "Product.Infrastructure", "src\Product\Product.Infrastructure\Product.Infrastructure.csproj", "{1D67AC71-768D-4077-8D68-FBE5625647BC}"
EndProject
Project("{FAE04EC0-301F-11D3-BF4B-00C04F79EFBC}") = "Shared.Contracts", "src\BuildingBlocks\Shared.Contracts\Shared.Contracts.csproj", "{92581024-9C24-4264-82DC-DA6A40E734E3}"
EndProject
Global
	GlobalSection(SolutionConfigurationPlatforms) = preSolution
		Debug|Any CPU = Debug|Any CPU
		Debug|x64 = Debug|x64
		Debug|x86 = Debug|x86
		Release|Any CPU = Release|Any CPU
		Release|x64 = Release|x64
		Release|x86 = Release|x86
	EndGlobalSection
	GlobalSection(ProjectConfigurationPlatforms) = postSolution
		{BD723EEA-CF5E-4504-9575-939AB8D48768}.Debug|Any CPU.ActiveCfg = Debug|Any CPU
		{BD723EEA-CF5E-4504-9575-939AB8D48768}.Debug|Any CPU.Build.0 = Debug|Any CPU
		{BD723EEA-CF5E-4504-9575-939AB8D48768}.Debug|x64.ActiveCfg = Debug|Any CPU
		{BD723EEA-CF5E-4504-9575-939AB8D48768}.Debug|x64.Build.0 = Debug|Any CPU
		{BD723EEA-CF5E-4504-9575-939AB8D48768}.Debug|x86.ActiveCfg = Debug|Any CPU
		{BD723EEA-CF5E-4504-9575-939AB8D48768}.Debug|x86.Build.0 = Debug|Any CPU
		{BD723EEA-CF5E-4504-9575-939AB8D48768}.Release|Any CPU.ActiveCfg = Release|Any CPU
		{BD723EEA-CF5E-4504-9575-939AB8D48768}.Release|Any CPU.Build.0 = Release|Any CPU
		{BD723EEA-CF5E-4504-9575-939AB8D48768}.Release|x64.ActiveCfg = Release|Any CPU
		{BD723EEA-CF5E-4504-9575-939AB8D48768}.Release|x64.Build.0 = Release|Any CPU
		{BD723EEA-CF5E-4504-9575-939AB8D48768}.Release|x86.ActiveCfg = Release|Any CPU
		{BD723EEA-CF5E-4504-9575-939AB8D48768}.Release|x86.Build.0 = Release|Any CPU
		{A0ED8042-7A71-4D08-BEDB-570F817BD414}.Debug|Any CPU.ActiveCfg = Debug|Any CPU
		{A0ED8042-7A71-4D08-BEDB-570F817BD414}.Debug|Any CPU.Build.0 = Debug|Any CPU
		{A0ED8042-7A71-4D08-BEDB-570F817BD414}.Debug|x64.ActiveCfg = Debug|Any CPU
		{A0ED8042-7A71-4D08-BEDB-570F817BD414}.Debug|x64.Build.0 = Debug|Any CPU
		{A0ED8042-7A71-4D08-BEDB-570F817BD414}.Debug|x86.ActiveCfg = Debug|Any CPU
		{A0ED8042-7A71-4D08-BEDB-570F817BD414}.Debug|x86.Build.0 = Debug|Any CPU
		{A0ED8042-7A71-4D08-BEDB-570F817BD414}.Release|Any CPU.ActiveCfg = Release|Any CPU
		{A0ED8042-7A71-4D08-BEDB-570F817BD414}.Release|Any CPU.Build.0 = Release|Any CPU
		{A0ED8042-7A71-4D08-BEDB-570F817BD414}.Release|x64.ActiveCfg = Release|Any CPU
		{A0ED8042-7A71-4D08-BEDB-570F817BD414}.Release|x64.Build.0 = Release|Any CPU
		{A0ED8042-7A71-4D08-BEDB-570F817BD414}.Release|x86.ActiveCfg = Release|Any CPU
		{A0ED8042-7A71-4D08-BEDB-570F817BD414}.Release|x86.Build.0 = Release|Any CPU
		{B4C0C8D1-A8DB-4419-B6E7-5511C6027612}.Debug|Any CPU.ActiveCfg = Debug|Any CPU
		{B4C0C8D1-A8DB-4419-B6E7-5511C6027612}.Debug|Any CPU.Build.0 = Debug|Any CPU
		{B4C0C8D1-A8DB-4419-B6E7-5511C6027612}.Debug|x64.ActiveCfg = Debug|Any CPU
		{B4C0C8D1-A8DB-4419-B6E7-5511C6027612}.Debug|x64.Build.0 = Debug|Any CPU
		{B4C0C8D1-A8DB-4419-B6E7-5511C6027612}.Debug|x86.ActiveCfg = Debug|Any CPU
		{B4C0C8D1-A8DB-4419-B6E7-5511C6027612}.Debug|x86.Build.0 = Debug|Any CPU
		{B4C0C8D1-A8DB-4419-B6E7-5511C6027612}.Release|Any CPU.ActiveCfg = Release|Any CPU
		{B4C0C8D1-A8DB-4419-B6E7-5511C6027612}.Release|Any CPU.Build.0 = Release|Any CPU
		{B4C0C8D1-A8DB-4419-B6E7-5511C6027612}.Release|x64.ActiveCfg = Release|Any CPU
		{B4C0C8D1-A8DB-4419-B6E7-5511C6027612}.Release|x64.Build.0 = Release|Any CPU
		{B4C0C8D1-A8DB-4419-B6E7-5511C6027612}.Release|x86.ActiveCfg = Release|Any CPU
		{B4C0C8D1-A8DB-4419-B6E7-5511C6027612}.Release|x86.Build.0 = Release|Any CPU
		{A6477F1B-40F4-44E6-827A-BBBE4E5B6607}.Debug|Any CPU.ActiveCfg = Debug|Any CPU
		{A6477F1B-40F4-44E6-827A-BBBE4E5B6607}.Debug|Any CPU.Build.0 = Debug|Any CPU
		{A6477F1B-40F4-44E6-827A-BBBE4E5B6607}.Debug|x64.ActiveCfg = Debug|Any CPU
		{A6477F1B-40F4-44E6-827A-BBBE4E5B6607}.Debug|x64.Build.0 = Debug|Any CPU
		{A6477F1B-40F4-44E6-827A-BBBE4E5B6607}.Debug|x86.ActiveCfg = Debug|Any CPU
		{A6477F1B-40F4-44E6-827A-BBBE4E5B6607}.Debug|x86.Build.0 = Debug|Any CPU
		{A6477F1B-40F4-44E6-827A-BBBE4E5B6607}.Release|Any CPU.ActiveCfg = Release|Any CPU
		{A6477F1B-40F4-44E6-827A-BBBE4E5B6607}.Release|Any CPU.Build.0 = Release|Any CPU
		{A6477F1B-40F4-44E6-827A-BBBE4E5B6607}.Release|x64.ActiveCfg = Release|Any CPU
		{A6477F1B-40F4-44E6-827A-BBBE4E5B6607}.Release|x64.Build.0 = Release|Any CPU
		{A6477F1B-40F4-44E6-827A-BBBE4E5B6607}.Release|x86.ActiveCfg = Release|Any CPU
		{A6477F1B-40F4-44E6-827A-BBBE4E5B6607}.Release|x86.Build.0 = Release|Any CPU
		{0AA753F0-6182-4600-A185-BA16B392EDAB}.Debug|Any CPU.ActiveCfg = Debug|Any CPU
		{0AA753F0-6182-4600-A185-BA16B392EDAB}.Debug|Any CPU.Build.0 = Debug|Any CPU
		{0AA753F0-6182-4600-A185-BA16B392EDAB}.Debug|x64.ActiveCfg = Debug|Any CPU
		{0AA753F0-6182-4600-A185-BA16B392EDAB}.Debug|x64.Build.0 = Debug|Any CPU
		{0AA753F0-6182-4600-A185-BA16B392EDAB}.Debug|x86.ActiveCfg = Debug|Any CPU
		{0AA753F0-6182-4600-A185-BA16B392EDAB}.Debug|x86.Build.0 = Debug|Any CPU
		{0AA753F0-6182-4600-A185-BA16B392EDAB}.Release|Any CPU.ActiveCfg = Release|Any CPU
		{0AA753F0-6182-4600-A185-BA16B392EDAB}.Release|Any CPU.Build.0 = Release|Any CPU
		{0AA753F0-6182-4600-A185-BA16B392EDAB}.Release|x64.ActiveCfg = Release|Any CPU
		{0AA753F0-6182-4600-A185-BA16B392EDAB}.Release|x64.Build.0 = Release|Any CPU
		{0AA753F0-6182-4600-A185-BA16B392EDAB}.Release|x86.ActiveCfg = Release|Any CPU
		{0AA753F0-6182-4600-A185-BA16B392EDAB}.Release|x86.Build.0 = Release|Any CPU
		{A4313E01-0BE3-43D3-A4C0-1943851A6178}.Debug|Any CPU.ActiveCfg = Debug|Any CPU
		{A4313E01-0BE3-43D3-A4C0-1943851A6178}.Debug|Any CPU.Build.0 = Debug|Any CPU
		{A4313E01-0BE3-43D3-A4C0-1943851A6178}.Debug|x64.ActiveCfg = Debug|Any CPU
		{A4313E01-0BE3-43D3-A4C0-1943851A6178}.Debug|x64.Build.0 = Debug|Any CPU
		{A4313E01-0BE3-43D3-A4C0-1943851A6178}.Debug|x86.ActiveCfg = Debug|Any CPU
		{A4313E01-0BE3-43D3-A4C0-1943851A6178}.Debug|x86.Build.0 = Debug|Any CPU
		{A4313E01-0BE3-43D3-A4C0-1943851A6178}.Release|Any CPU.ActiveCfg = Release|Any CPU
		{A4313E01-0BE3-43D3-A4C0-1943851A6178}.Release|Any CPU.Build.0 = Release|Any CPU
		{A4313E01-0BE3-43D3-A4C0-1943851A6178}.Release|x64.ActiveCfg = Release|Any CPU
		{A4313E01-0BE3-43D3-A4C0-1943851A6178}.Release|x64.Build.0 = Release|Any CPU
		{A4313E01-0BE3-43D3-A4C0-1943851A6178}.Release|x86.ActiveCfg = Release|Any CPU
		{A4313E01-0BE3-43D3-A4C0-1943851A6178}.Release|x86.Build.0 = Release|Any CPU
		{D11CA8A9-B842-490C-92B6-4796B10767DB}.Debug|Any CPU.ActiveCfg = Debug|Any CPU
		{D11CA8A9-B842-490C-92B6-4796B10767DB}.Debug|Any CPU.Build.0 = Debug|Any CPU
		{D11CA8A9-B842-490C-92B6-4796B10767DB}.Debug|x64.ActiveCfg = Debug|Any CPU
		{D11CA8A9-B842-490C-92B6-4796B10767DB}.Debug|x64.Build.0 = Debug|Any CPU
		{D11CA8A9-B842-490C-92B6-4796B10767DB}.Debug|x86.ActiveCfg = Debug|Any CPU
		{D11CA8A9-B842-490C-92B6-4796B10767DB}.Debug|x86.Build.0 = Debug|Any CPU
		{D11CA8A9-B842-490C-92B6-4796B10767DB}.Release|Any CPU.ActiveCfg = Release|Any CPU
		{D11CA8A9-B842-490C-92B6-4796B10767DB}.Release|Any CPU.Build.0 = Release|Any CPU
		{D11CA8A9-B842-490C-92B6-4796B10767DB}.Release|x64.ActiveCfg = Release|Any CPU
		{D11CA8A9-B842-490C-92B6-4796B10767DB}.Release|x64.Build.0 = Release|Any CPU
		{D11CA8A9-B842-490C-92B6-4796B10767DB}.Release|x86.ActiveCfg = Release|Any CPU
		{D11CA8A9-B842-490C-92B6-4796B10767DB}.Release|x86.Build.0 = Release|Any CPU
		{6EDB0E35-899E-4DC4-8B41-536561C534F1}.Debug|Any CPU.ActiveCfg = Debug|Any CPU
		{6EDB0E35-899E-4DC4-8B41-536561C534F1}.Debug|Any CPU.Build.0 = Debug|Any CPU
		{6EDB0E35-899E-4DC4-8B41-536561C534F1}.Debug|x64.ActiveCfg = Debug|Any CPU
		{6EDB0E35-899E-4DC4-8B41-536561C534F1}.Debug|x64.Build.0 = Debug|Any CPU
		{6EDB0E35-899E-4DC4-8B41-536561C534F1}.Debug|x86.ActiveCfg = Debug|Any CPU
		{6EDB0E35-899E-4DC4-8B41-536561C534F1}.Debug|x86.Build.0 = Debug|Any CPU
		{6EDB0E35-899E-4DC4-8B41-536561C534F1}.Release|Any CPU.ActiveCfg = Release|Any CPU
		{6EDB0E35-899E-4DC4-8B41-536561C534F1}.Release|Any CPU.Build.0 = Release|Any CPU
		{6EDB0E35-899E-4DC4-8B41-536561C534F1}.Release|x64.ActiveCfg = Release|Any CPU
		{6EDB0E35-899E-4DC4-8B41-536561C534F1}.Release|x64.Build.0 = Release|Any CPU
		{6EDB0E35-899E-4DC4-8B41-536561C534F1}.Release|x86.ActiveCfg = Release|Any CPU
		{6EDB0E35-899E-4DC4-8B41-536561C534F1}.Release|x86.Build.0 = Release|Any CPU
		{911A4D68-7C61-471E-855C-67EE154BEFE6}.Debug|Any CPU.ActiveCfg = Debug|Any CPU
		{911A4D68-7C61-471E-855C-67EE154BEFE6}.Debug|Any CPU.Build.0 = Debug|Any CPU
		{911A4D68-7C61-471E-855C-67EE154BEFE6}.Debug|x64.ActiveCfg = Debug|Any CPU
		{911A4D68-7C61-471E-855C-67EE154BEFE6}.Debug|x64.Build.0 = Debug|Any CPU
		{911A4D68-7C61-471E-855C-67EE154BEFE6}.Debug|x86.ActiveCfg = Debug|Any CPU
		{911A4D68-7C61-471E-855C-67EE154BEFE6}.Debug|x86.Build.0 = Debug|Any CPU
		{911A4D68-7C61-471E-855C-67EE154BEFE6}.Release|Any CPU.ActiveCfg = Release|Any CPU
		{911A4D68-7C61-471E-855C-67EE154BEFE6}.Release|Any CPU.Build.0 = Release|Any CPU
		{911A4D68-7C61-471E-855C-67EE154BEFE6}.Release|x64.ActiveCfg = Release|Any CPU
		{911A4D68-7C61-471E-855C-67EE154BEFE6}.Release|x64.Build.0 = Release|Any CPU
		{911A4D68-7C61-471E-855C-67EE154BEFE6}.Release|x86.ActiveCfg = Release|Any CPU
		{911A4D68-7C61-471E-855C-67EE154BEFE6}.Release|x86.Build.0 = Release|Any CPU
		{52DED702-AB53-4597-B386-462952104FAA}.Debug|Any CPU.ActiveCfg = Debug|Any CPU
		{52DED702-AB53-4597-B386-462952104FAA}.Debug|Any CPU.Build.0 = Debug|Any CPU
		{52DED702-AB53-4597-B386-462952104FAA}.Debug|x64.ActiveCfg = Debug|Any CPU
		{52DED702-AB53-4597-B386-462952104FAA}.Debug|x64.Build.0 = Debug|Any CPU
		{52DED702-AB53-4597-B386-462952104FAA}.Debug|x86.ActiveCfg = Debug|Any CPU
		{52DED702-AB53-4597-B386-462952104FAA}.Debug|x86.Build.0 = Debug|Any CPU
		{52DED702-AB53-4597-B386-462952104FAA}.Release|Any CPU.ActiveCfg = Release|Any CPU
		{52DED702-AB53-4597-B386-462952104FAA}.Release|Any CPU.Build.0 = Release|Any CPU
		{52DED702-AB53-4597-B386-462952104FAA}.Release|x64.ActiveCfg = Release|Any CPU
		{52DED702-AB53-4597-B386-462952104FAA}.Release|x64.Build.0 = Release|Any CPU
		{52DED702-AB53-4597-B386-462952104FAA}.Release|x86.ActiveCfg = Release|Any CPU
		{52DED702-AB53-4597-B386-462952104FAA}.Release|x86.Build.0 = Release|Any CPU
		{B2E19D90-2679-4BC6-8E13-2B3258152F0B}.Debug|Any CPU.ActiveCfg = Debug|Any CPU
		{B2E19D90-2679-4BC6-8E13-2B3258152F0B}.Debug|Any CPU.Build.0 = Debug|Any CPU
		{B2E19D90-2679-4BC6-8E13-2B3258152F0B}.Debug|x64.ActiveCfg = Debug|Any CPU
		{B2E19D90-2679-4BC6-8E13-2B3258152F0B}.Debug|x64.Build.0 = Debug|Any CPU
		{B2E19D90-2679-4BC6-8E13-2B3258152F0B}.Debug|x86.ActiveCfg = Debug|Any CPU
		{B2E19D90-2679-4BC6-8E13-2B3258152F0B}.Debug|x86.Build.0 = Debug|Any CPU
		{B2E19D90-2679-4BC6-8E13-2B3258152F0B}.Release|Any CPU.ActiveCfg = Release|Any CPU
		{B2E19D90-2679-4BC6-8E13-2B3258152F0B}.Release|Any CPU.Build.0 = Release|Any CPU
		{B2E19D90-2679-4BC6-8E13-2B3258152F0B}.Release|x64.ActiveCfg = Release|Any CPU
		{B2E19D90-2679-4BC6-8E13-2B3258152F0B}.Release|x64.Build.0 = Release|Any CPU
		{B2E19D90-2679-4BC6-8E13-2B3258152F0B}.Release|x86.ActiveCfg = Release|Any CPU
		{B2E19D90-2679-4BC6-8E13-2B3258152F0B}.Release|x86.Build.0 = Release|Any CPU
		{6C9F0649-C959-476E-A887-0B38FF2F8275}.Debug|Any CPU.ActiveCfg = Debug|Any CPU
		{6C9F0649-C959-476E-A887-0B38FF2F8275}.Debug|Any CPU.Build.0 = Debug|Any CPU
		{6C9F0649-C959-476E-A887-0B38FF2F8275}.Debug|x64.ActiveCfg = Debug|Any CPU
		{6C9F0649-C959-476E-A887-0B38FF2F8275}.Debug|x64.Build.0 = Debug|Any CPU
		{6C9F0649-C959-476E-A887-0B38FF2F8275}.Debug|x86.ActiveCfg = Debug|Any CPU
		{6C9F0649-C959-476E-A887-0B38FF2F8275}.Debug|x86.Build.0 = Debug|Any CPU
		{6C9F0649-C959-476E-A887-0B38FF2F8275}.Release|Any CPU.ActiveCfg = Release|Any CPU
		{6C9F0649-C959-476E-A887-0B38FF2F8275}.Release|Any CPU.Build.0 = Release|Any CPU
		{6C9F0649-C959-476E-A887-0B38FF2F8275}.Release|x64.ActiveCfg = Release|Any CPU
		{6C9F0649-C959-476E-A887-0B38FF2F8275}.Release|x64.Build.0 = Release|Any CPU
		{6C9F0649-C959-476E-A887-0B38FF2F8275}.Release|x86.ActiveCfg = Release|Any CPU
		{6C9F0649-C959-476E-A887-0B38FF2F8275}.Release|x86.Build.0 = Release|Any CPU
		{B9663D97-A6CD-4234-BD5F-2C159DE22A0F}.Debug|Any CPU.ActiveCfg = Debug|Any CPU
		{B9663D97-A6CD-4234-BD5F-2C159DE22A0F}.Debug|Any CPU.Build.0 = Debug|Any CPU
		{B9663D97-A6CD-4234-BD5F-2C159DE22A0F}.Debug|x64.ActiveCfg = Debug|Any CPU
		{B9663D97-A6CD-4234-BD5F-2C159DE22A0F}.Debug|x64.Build.0 = Debug|Any CPU
		{B9663D97-A6CD-4234-BD5F-2C159DE22A0F}.Debug|x86.ActiveCfg = Debug|Any CPU
		{B9663D97-A6CD-4234-BD5F-2C159DE22A0F}.Debug|x86.Build.0 = Debug|Any CPU
		{B9663D97-A6CD-4234-BD5F-2C159DE22A0F}.Release|Any CPU.ActiveCfg = Release|Any CPU
		{B9663D97-A6CD-4234-BD5F-2C159DE22A0F}.Release|Any CPU.Build.0 = Release|Any CPU
		{B9663D97-A6CD-4234-BD5F-2C159DE22A0F}.Release|x64.ActiveCfg = Release|Any CPU
		{B9663D97-A6CD-4234-BD5F-2C159DE22A0F}.Release|x64.Build.0 = Release|Any CPU
		{B9663D97-A6CD-4234-BD5F-2C159DE22A0F}.Release|x86.ActiveCfg = Release|Any CPU
		{B9663D97-A6CD-4234-BD5F-2C159DE22A0F}.Release|x86.Build.0 = Release|Any CPU
		{EEA7CA37-B463-4AC5-A18C-D7CCF6EACCB9}.Debug|Any CPU.ActiveCfg = Debug|Any CPU
		{EEA7CA37-B463-4AC5-A18C-D7CCF6EACCB9}.Debug|Any CPU.Build.0 = Debug|Any CPU
		{EEA7CA37-B463-4AC5-A18C-D7CCF6EACCB9}.Debug|x64.ActiveCfg = Debug|Any CPU
		{EEA7CA37-B463-4AC5-A18C-D7CCF6EACCB9}.Debug|x64.Build.0 = Debug|Any CPU
		{EEA7CA37-B463-4AC5-A18C-D7CCF6EACCB9}.Debug|x86.ActiveCfg = Debug|Any CPU
		{EEA7CA37-B463-4AC5-A18C-D7CCF6EACCB9}.Debug|x86.Build.0 = Debug|Any CPU
		{EEA7CA37-B463-4AC5-A18C-D7CCF6EACCB9}.Release|Any CPU.ActiveCfg = Release|Any CPU
		{EEA7CA37-B463-4AC5-A18C-D7CCF6EACCB9}.Release|Any CPU.Build.0 = Release|Any CPU
		{EEA7CA37-B463-4AC5-A18C-D7CCF6EACCB9}.Release|x64.ActiveCfg = Release|Any CPU
		{EEA7CA37-B463-4AC5-A18C-D7CCF6EACCB9}.Release|x64.Build.0 = Release|Any CPU
		{EEA7CA37-B463-4AC5-A18C-D7CCF6EACCB9}.Release|x86.ActiveCfg = Release|Any CPU
		{EEA7CA37-B463-4AC5-A18C-D7CCF6EACCB9}.Release|x86.Build.0 = Release|Any CPU
		{D4A15D4D-485E-4B94-B119-18064461B897}.Debug|Any CPU.ActiveCfg = Debug|Any CPU
		{D4A15D4D-485E-4B94-B119-18064461B897}.Debug|Any CPU.Build.0 = Debug|Any CPU
		{D4A15D4D-485E-4B94-B119-18064461B897}.Debug|x64.ActiveCfg = Debug|Any CPU
		{D4A15D4D-485E-4B94-B119-18064461B897}.Debug|x64.Build.0 = Debug|Any CPU
		{D4A15D4D-485E-4B94-B119-18064461B897}.Debug|x86.ActiveCfg = Debug|Any CPU
		{D4A15D4D-485E-4B94-B119-18064461B897}.Debug|x86.Build.0 = Debug|Any CPU
		{D4A15D4D-485E-4B94-B119-18064461B897}.Release|Any CPU.ActiveCfg = Release|Any CPU
		{D4A15D4D-485E-4B94-B119-18064461B897}.Release|Any CPU.Build.0 = Release|Any CPU
		{D4A15D4D-485E-4B94-B119-18064461B897}.Release|x64.ActiveCfg = Release|Any CPU
		{D4A15D4D-485E-4B94-B119-18064461B897}.Release|x64.Build.0 = Release|Any CPU
		{D4A15D4D-485E-4B94-B119-18064461B897}.Release|x86.ActiveCfg = Release|Any CPU
		{D4A15D4D-485E-4B94-B119-18064461B897}.Release|x86.Build.0 = Release|Any CPU
		{F06518EF-19F1-4004-99AC-471C9F18F831}.Debug|Any CPU.ActiveCfg = Debug|Any CPU
		{F06518EF-19F1-4004-99AC-471C9F18F831}.Debug|Any CPU.Build.0 = Debug|Any CPU
		{F06518EF-19F1-4004-99AC-471C9F18F831}.Debug|x64.ActiveCfg = Debug|Any CPU
		{F06518EF-19F1-4004-99AC-471C9F18F831}.Debug|x64.Build.0 = Debug|Any CPU
		{F06518EF-19F1-4004-99AC-471C9F18F831}.Debug|x86.ActiveCfg = Debug|Any CPU
		{F06518EF-19F1-4004-99AC-471C9F18F831}.Debug|x86.Build.0 = Debug|Any CPU
		{F06518EF-19F1-4004-99AC-471C9F18F831}.Release|Any CPU.ActiveCfg = Release|Any CPU
		{F06518EF-19F1-4004-99AC-471C9F18F831}.Release|Any CPU.Build.0 = Release|Any CPU
		{F06518EF-19F1-4004-99AC-471C9F18F831}.Release|x64.ActiveCfg = Release|Any CPU
		{F06518EF-19F1-4004-99AC-471C9F18F831}.Release|x64.Build.0 = Release|Any CPU
		{F06518EF-19F1-4004-99AC-471C9F18F831}.Release|x86.ActiveCfg = Release|Any CPU
		{F06518EF-19F1-4004-99AC-471C9F18F831}.Release|x86.Build.0 = Release|Any CPU
		{790C37EC-A42F-4688-B258-B8F22F6EB9EB}.Debug|Any CPU.ActiveCfg = Debug|Any CPU
		{790C37EC-A42F-4688-B258-B8F22F6EB9EB}.Debug|Any CPU.Build.0 = Debug|Any CPU
		{790C37EC-A42F-4688-B258-B8F22F6EB9EB}.Debug|x64.ActiveCfg = Debug|Any CPU
		{790C37EC-A42F-4688-B258-B8F22F6EB9EB}.Debug|x64.Build.0 = Debug|Any CPU
		{790C37EC-A42F-4688-B258-B8F22F6EB9EB}.Debug|x86.ActiveCfg = Debug|Any CPU
		{790C37EC-A42F-4688-B258-B8F22F6EB9EB}.Debug|x86.Build.0 = Debug|Any CPU
		{790C37EC-A42F-4688-B258-B8F22F6EB9EB}.Release|Any CPU.ActiveCfg = Release|Any CPU
		{790C37EC-A42F-4688-B258-B8F22F6EB9EB}.Release|Any CPU.Build.0 = Release|Any CPU
		{790C37EC-A42F-4688-B258-B8F22F6EB9EB}.Release|x64.ActiveCfg = Release|Any CPU
		{790C37EC-A42F-4688-B258-B8F22F6EB9EB}.Release|x64.Build.0 = Release|Any CPU
		{790C37EC-A42F-4688-B258-B8F22F6EB9EB}.Release|x86.ActiveCfg = Release|Any CPU
		{790C37EC-A42F-4688-B258-B8F22F6EB9EB}.Release|x86.Build.0 = Release|Any CPU
		{E39BE30C-6FAD-430E-B723-68C37F8F45CA}.Debug|Any CPU.ActiveCfg = Debug|Any CPU
		{E39BE30C-6FAD-430E-B723-68C37F8F45CA}.Debug|Any CPU.Build.0 = Debug|Any CPU
		{E39BE30C-6FAD-430E-B723-68C37F8F45CA}.Debug|x64.ActiveCfg = Debug|Any CPU
		{E39BE30C-6FAD-430E-B723-68C37F8F45CA}.Debug|x64.Build.0 = Debug|Any CPU
		{E39BE30C-6FAD-430E-B723-68C37F8F45CA}.Debug|x86.ActiveCfg = Debug|Any CPU
		{E39BE30C-6FAD-430E-B723-68C37F8F45CA}.Debug|x86.Build.0 = Debug|Any CPU
		{E39BE30C-6FAD-430E-B723-68C37F8F45CA}.Release|Any CPU.ActiveCfg = Release|Any CPU
		{E39BE30C-6FAD-430E-B723-68C37F8F45CA}.Release|Any CPU.Build.0 = Release|Any CPU
		{E39BE30C-6FAD-430E-B723-68C37F8F45CA}.Release|x64.ActiveCfg = Release|Any CPU
		{E39BE30C-6FAD-430E-B723-68C37F8F45CA}.Release|x64.Build.0 = Release|Any CPU
		{E39BE30C-6FAD-430E-B723-68C37F8F45CA}.Release|x86.ActiveCfg = Release|Any CPU
		{E39BE30C-6FAD-430E-B723-68C37F8F45CA}.Release|x86.Build.0 = Release|Any CPU
		{7DB59B6F-AB1A-4C19-9014-D67EFB898383}.Debug|Any CPU.ActiveCfg = Debug|Any CPU
		{7DB59B6F-AB1A-4C19-9014-D67EFB898383}.Debug|Any CPU.Build.0 = Debug|Any CPU
		{7DB59B6F-AB1A-4C19-9014-D67EFB898383}.Debug|x64.ActiveCfg = Debug|Any CPU
		{7DB59B6F-AB1A-4C19-9014-D67EFB898383}.Debug|x64.Build.0 = Debug|Any CPU
		{7DB59B6F-AB1A-4C19-9014-D67EFB898383}.Debug|x86.ActiveCfg = Debug|Any CPU
		{7DB59B6F-AB1A-4C19-9014-D67EFB898383}.Debug|x86.Build.0 = Debug|Any CPU
		{7DB59B6F-AB1A-4C19-9014-D67EFB898383}.Release|Any CPU.ActiveCfg = Release|Any CPU
		{7DB59B6F-AB1A-4C19-9014-D67EFB898383}.Release|Any CPU.Build.0 = Release|Any CPU
		{7DB59B6F-AB1A-4C19-9014-D67EFB898383}.Release|x64.ActiveCfg = Release|Any CPU
		{7DB59B6F-AB1A-4C19-9014-D67EFB898383}.Release|x64.Build.0 = Release|Any CPU
		{7DB59B6F-AB1A-4C19-9014-D67EFB898383}.Release|x86.ActiveCfg = Release|Any CPU
		{7DB59B6F-AB1A-4C19-9014-D67EFB898383}.Release|x86.Build.0 = Release|Any CPU
		{1587F246-A445-6848-A2A7-CF33120EAB16}.Debug|Any CPU.ActiveCfg = Debug|Any CPU
		{1587F246-A445-6848-A2A7-CF33120EAB16}.Debug|Any CPU.Build.0 = Debug|Any CPU
		{1587F246-A445-6848-A2A7-CF33120EAB16}.Debug|x64.ActiveCfg = Debug|Any CPU
		{1587F246-A445-6848-A2A7-CF33120EAB16}.Debug|x64.Build.0 = Debug|Any CPU
		{1587F246-A445-6848-A2A7-CF33120EAB16}.Debug|x86.ActiveCfg = Debug|Any CPU
		{1587F246-A445-6848-A2A7-CF33120EAB16}.Debug|x86.Build.0 = Debug|Any CPU
		{1587F246-A445-6848-A2A7-CF33120EAB16}.Release|Any CPU.ActiveCfg = Release|Any CPU
		{1587F246-A445-6848-A2A7-CF33120EAB16}.Release|Any CPU.Build.0 = Release|Any CPU
		{1587F246-A445-6848-A2A7-CF33120EAB16}.Release|x64.ActiveCfg = Release|Any CPU
		{1587F246-A445-6848-A2A7-CF33120EAB16}.Release|x64.Build.0 = Release|Any CPU
		{1587F246-A445-6848-A2A7-CF33120EAB16}.Release|x86.ActiveCfg = Release|Any CPU
		{1587F246-A445-6848-A2A7-CF33120EAB16}.Release|x86.Build.0 = Release|Any CPU
		{F7518568-131B-00CF-4BA1-17FDB757541D}.Debug|Any CPU.ActiveCfg = Debug|Any CPU
		{F7518568-131B-00CF-4BA1-17FDB757541D}.Debug|Any CPU.Build.0 = Debug|Any CPU
		{F7518568-131B-00CF-4BA1-17FDB757541D}.Debug|x64.ActiveCfg = Debug|Any CPU
		{F7518568-131B-00CF-4BA1-17FDB757541D}.Debug|x64.Build.0 = Debug|Any CPU
		{F7518568-131B-00CF-4BA1-17FDB757541D}.Debug|x86.ActiveCfg = Debug|Any CPU
		{F7518568-131B-00CF-4BA1-17FDB757541D}.Debug|x86.Build.0 = Debug|Any CPU
		{F7518568-131B-00CF-4BA1-17FDB757541D}.Release|Any CPU.ActiveCfg = Release|Any CPU
		{F7518568-131B-00CF-4BA1-17FDB757541D}.Release|Any CPU.Build.0 = Release|Any CPU
		{F7518568-131B-00CF-4BA1-17FDB757541D}.Release|x64.ActiveCfg = Release|Any CPU
		{F7518568-131B-00CF-4BA1-17FDB757541D}.Release|x64.Build.0 = Release|Any CPU
		{F7518568-131B-00CF-4BA1-17FDB757541D}.Release|x86.ActiveCfg = Release|Any CPU
		{F7518568-131B-00CF-4BA1-17FDB757541D}.Release|x86.Build.0 = Release|Any CPU
		{60AD0EEC-623E-AF92-5BE1-2284050671EA}.Debug|Any CPU.ActiveCfg = Debug|Any CPU
		{60AD0EEC-623E-AF92-5BE1-2284050671EA}.Debug|Any CPU.Build.0 = Debug|Any CPU
		{60AD0EEC-623E-AF92-5BE1-2284050671EA}.Debug|x64.ActiveCfg = Debug|Any CPU
		{60AD0EEC-623E-AF92-5BE1-2284050671EA}.Debug|x64.Build.0 = Debug|Any CPU
		{60AD0EEC-623E-AF92-5BE1-2284050671EA}.Debug|x86.ActiveCfg = Debug|Any CPU
		{60AD0EEC-623E-AF92-5BE1-2284050671EA}.Debug|x86.Build.0 = Debug|Any CPU
		{60AD0EEC-623E-AF92-5BE1-2284050671EA}.Release|Any CPU.ActiveCfg = Release|Any CPU
		{60AD0EEC-623E-AF92-5BE1-2284050671EA}.Release|Any CPU.Build.0 = Release|Any CPU
		{60AD0EEC-623E-AF92-5BE1-2284050671EA}.Release|x64.ActiveCfg = Release|Any CPU
		{60AD0EEC-623E-AF92-5BE1-2284050671EA}.Release|x64.Build.0 = Release|Any CPU
		{60AD0EEC-623E-AF92-5BE1-2284050671EA}.Release|x86.ActiveCfg = Release|Any CPU
		{60AD0EEC-623E-AF92-5BE1-2284050671EA}.Release|x86.Build.0 = Release|Any CPU
		{92451DA3-F152-0575-23A0-3E5A85024C19}.Debug|Any CPU.ActiveCfg = Debug|Any CPU
		{92451DA3-F152-0575-23A0-3E5A85024C19}.Debug|Any CPU.Build.0 = Debug|Any CPU
		{92451DA3-F152-0575-23A0-3E5A85024C19}.Debug|x64.ActiveCfg = Debug|Any CPU
		{92451DA3-F152-0575-23A0-3E5A85024C19}.Debug|x64.Build.0 = Debug|Any CPU
		{92451DA3-F152-0575-23A0-3E5A85024C19}.Debug|x86.ActiveCfg = Debug|Any CPU
		{92451DA3-F152-0575-23A0-3E5A85024C19}.Debug|x86.Build.0 = Debug|Any CPU
		{92451DA3-F152-0575-23A0-3E5A85024C19}.Release|Any CPU.ActiveCfg = Release|Any CPU
		{92451DA3-F152-0575-23A0-3E5A85024C19}.Release|Any CPU.Build.0 = Release|Any CPU
		{92451DA3-F152-0575-23A0-3E5A85024C19}.Release|x64.ActiveCfg = Release|Any CPU
		{92451DA3-F152-0575-23A0-3E5A85024C19}.Release|x64.Build.0 = Release|Any CPU
		{92451DA3-F152-0575-23A0-3E5A85024C19}.Release|x86.ActiveCfg = Release|Any CPU
		{92451DA3-F152-0575-23A0-3E5A85024C19}.Release|x86.Build.0 = Release|Any CPU
		{0D44676B-7F06-19D8-CB8D-71CE8228271B}.Debug|Any CPU.ActiveCfg = Debug|Any CPU
		{0D44676B-7F06-19D8-CB8D-71CE8228271B}.Debug|Any CPU.Build.0 = Debug|Any CPU
		{0D44676B-7F06-19D8-CB8D-71CE8228271B}.Debug|x64.ActiveCfg = Debug|Any CPU
		{0D44676B-7F06-19D8-CB8D-71CE8228271B}.Debug|x64.Build.0 = Debug|Any CPU
		{0D44676B-7F06-19D8-CB8D-71CE8228271B}.Debug|x86.ActiveCfg = Debug|Any CPU
		{0D44676B-7F06-19D8-CB8D-71CE8228271B}.Debug|x86.Build.0 = Debug|Any CPU
		{0D44676B-7F06-19D8-CB8D-71CE8228271B}.Release|Any CPU.ActiveCfg = Release|Any CPU
		{0D44676B-7F06-19D8-CB8D-71CE8228271B}.Release|Any CPU.Build.0 = Release|Any CPU
		{0D44676B-7F06-19D8-CB8D-71CE8228271B}.Release|x64.ActiveCfg = Release|Any CPU
		{0D44676B-7F06-19D8-CB8D-71CE8228271B}.Release|x64.Build.0 = Release|Any CPU
		{0D44676B-7F06-19D8-CB8D-71CE8228271B}.Release|x86.ActiveCfg = Release|Any CPU
		{0D44676B-7F06-19D8-CB8D-71CE8228271B}.Release|x86.Build.0 = Release|Any CPU
		{F35C648B-2DB3-68BB-3194-FD0F080661C3}.Debug|Any CPU.ActiveCfg = Debug|Any CPU
		{F35C648B-2DB3-68BB-3194-FD0F080661C3}.Debug|Any CPU.Build.0 = Debug|Any CPU
		{F35C648B-2DB3-68BB-3194-FD0F080661C3}.Debug|x64.ActiveCfg = Debug|Any CPU
		{F35C648B-2DB3-68BB-3194-FD0F080661C3}.Debug|x64.Build.0 = Debug|Any CPU
		{F35C648B-2DB3-68BB-3194-FD0F080661C3}.Debug|x86.ActiveCfg = Debug|Any CPU
		{F35C648B-2DB3-68BB-3194-FD0F080661C3}.Debug|x86.Build.0 = Debug|Any CPU
		{F35C648B-2DB3-68BB-3194-FD0F080661C3}.Release|Any CPU.ActiveCfg = Release|Any CPU
		{F35C648B-2DB3-68BB-3194-FD0F080661C3}.Release|Any CPU.Build.0 = Release|Any CPU
		{F35C648B-2DB3-68BB-3194-FD0F080661C3}.Release|x64.ActiveCfg = Release|Any CPU
		{F35C648B-2DB3-68BB-3194-FD0F080661C3}.Release|x64.Build.0 = Release|Any CPU
		{F35C648B-2DB3-68BB-3194-FD0F080661C3}.Release|x86.ActiveCfg = Release|Any CPU
		{F35C648B-2DB3-68BB-3194-FD0F080661C3}.Release|x86.Build.0 = Release|Any CPU
		{06E8548C-04E6-531C-AC4A-EF6016F96C35}.Debug|Any CPU.ActiveCfg = Debug|Any CPU
		{06E8548C-04E6-531C-AC4A-EF6016F96C35}.Debug|Any CPU.Build.0 = Debug|Any CPU
		{06E8548C-04E6-531C-AC4A-EF6016F96C35}.Debug|x64.ActiveCfg = Debug|Any CPU
		{06E8548C-04E6-531C-AC4A-EF6016F96C35}.Debug|x64.Build.0 = Debug|Any CPU
		{06E8548C-04E6-531C-AC4A-EF6016F96C35}.Debug|x86.ActiveCfg = Debug|Any CPU
		{06E8548C-04E6-531C-AC4A-EF6016F96C35}.Debug|x86.Build.0 = Debug|Any CPU
		{06E8548C-04E6-531C-AC4A-EF6016F96C35}.Release|Any CPU.ActiveCfg = Release|Any CPU
		{06E8548C-04E6-531C-AC4A-EF6016F96C35}.Release|Any CPU.Build.0 = Release|Any CPU
		{06E8548C-04E6-531C-AC4A-EF6016F96C35}.Release|x64.ActiveCfg = Release|Any CPU
		{06E8548C-04E6-531C-AC4A-EF6016F96C35}.Release|x64.Build.0 = Release|Any CPU
		{06E8548C-04E6-531C-AC4A-EF6016F96C35}.Release|x86.ActiveCfg = Release|Any CPU
		{06E8548C-04E6-531C-AC4A-EF6016F96C35}.Release|x86.Build.0 = Release|Any CPU
		{72E47644-8F90-5EB2-FE97-707E96AA19E4}.Debug|Any CPU.ActiveCfg = Debug|Any CPU
		{72E47644-8F90-5EB2-FE97-707E96AA19E4}.Debug|Any CPU.Build.0 = Debug|Any CPU
		{72E47644-8F90-5EB2-FE97-707E96AA19E4}.Debug|x64.ActiveCfg = Debug|Any CPU
		{72E47644-8F90-5EB2-FE97-707E96AA19E4}.Debug|x64.Build.0 = Debug|Any CPU
		{72E47644-8F90-5EB2-FE97-707E96AA19E4}.Debug|x86.ActiveCfg = Debug|Any CPU
		{72E47644-8F90-5EB2-FE97-707E96AA19E4}.Debug|x86.Build.0 = Debug|Any CPU
		{72E47644-8F90-5EB2-FE97-707E96AA19E4}.Release|Any CPU.ActiveCfg = Release|Any CPU
		{72E47644-8F90-5EB2-FE97-707E96AA19E4}.Release|Any CPU.Build.0 = Release|Any CPU
		{72E47644-8F90-5EB2-FE97-707E96AA19E4}.Release|x64.ActiveCfg = Release|Any CPU
		{72E47644-8F90-5EB2-FE97-707E96AA19E4}.Release|x64.Build.0 = Release|Any CPU
		{72E47644-8F90-5EB2-FE97-707E96AA19E4}.Release|x86.ActiveCfg = Release|Any CPU
		{72E47644-8F90-5EB2-FE97-707E96AA19E4}.Release|x86.Build.0 = Release|Any CPU
		{4276ECAB-4D14-418A-ABE2-A4EF3B3DC9DE}.Debug|Any CPU.ActiveCfg = Debug|Any CPU
		{4276ECAB-4D14-418A-ABE2-A4EF3B3DC9DE}.Debug|Any CPU.Build.0 = Debug|Any CPU
		{4276ECAB-4D14-418A-ABE2-A4EF3B3DC9DE}.Debug|x64.ActiveCfg = Debug|Any CPU
		{4276ECAB-4D14-418A-ABE2-A4EF3B3DC9DE}.Debug|x64.Build.0 = Debug|Any CPU
		{4276ECAB-4D14-418A-ABE2-A4EF3B3DC9DE}.Debug|x86.ActiveCfg = Debug|Any CPU
		{4276ECAB-4D14-418A-ABE2-A4EF3B3DC9DE}.Debug|x86.Build.0 = Debug|Any CPU
		{4276ECAB-4D14-418A-ABE2-A4EF3B3DC9DE}.Release|Any CPU.ActiveCfg = Release|Any CPU
		{4276ECAB-4D14-418A-ABE2-A4EF3B3DC9DE}.Release|Any CPU.Build.0 = Release|Any CPU
		{4276ECAB-4D14-418A-ABE2-A4EF3B3DC9DE}.Release|x64.ActiveCfg = Release|Any CPU
		{4276ECAB-4D14-418A-ABE2-A4EF3B3DC9DE}.Release|x64.Build.0 = Release|Any CPU
		{4276ECAB-4D14-418A-ABE2-A4EF3B3DC9DE}.Release|x86.ActiveCfg = Release|Any CPU
		{4276ECAB-4D14-418A-ABE2-A4EF3B3DC9DE}.Release|x86.Build.0 = Release|Any CPU
		{25A6764E-DDF0-47C0-88A8-DFC765E82D5E}.Debug|Any CPU.ActiveCfg = Debug|Any CPU
		{25A6764E-DDF0-47C0-88A8-DFC765E82D5E}.Debug|Any CPU.Build.0 = Debug|Any CPU
		{25A6764E-DDF0-47C0-88A8-DFC765E82D5E}.Debug|x64.ActiveCfg = Debug|Any CPU
		{25A6764E-DDF0-47C0-88A8-DFC765E82D5E}.Debug|x64.Build.0 = Debug|Any CPU
		{25A6764E-DDF0-47C0-88A8-DFC765E82D5E}.Debug|x86.ActiveCfg = Debug|Any CPU
		{25A6764E-DDF0-47C0-88A8-DFC765E82D5E}.Debug|x86.Build.0 = Debug|Any CPU
		{25A6764E-DDF0-47C0-88A8-DFC765E82D5E}.Release|Any CPU.ActiveCfg = Release|Any CPU
		{25A6764E-DDF0-47C0-88A8-DFC765E82D5E}.Release|Any CPU.Build.0 = Release|Any CPU
		{25A6764E-DDF0-47C0-88A8-DFC765E82D5E}.Release|x64.ActiveCfg = Release|Any CPU
		{25A6764E-DDF0-47C0-88A8-DFC765E82D5E}.Release|x64.Build.0 = Release|Any CPU
		{25A6764E-DDF0-47C0-88A8-DFC765E82D5E}.Release|x86.ActiveCfg = Release|Any CPU
		{25A6764E-DDF0-47C0-88A8-DFC765E82D5E}.Release|x86.Build.0 = Release|Any CPU
		{0AC26FC2-A016-4B26-8663-4C880C6E7741}.Debug|Any CPU.ActiveCfg = Debug|Any CPU
		{0AC26FC2-A016-4B26-8663-4C880C6E7741}.Debug|Any CPU.Build.0 = Debug|Any CPU
		{0AC26FC2-A016-4B26-8663-4C880C6E7741}.Debug|x64.ActiveCfg = Debug|Any CPU
		{0AC26FC2-A016-4B26-8663-4C880C6E7741}.Debug|x64.Build.0 = Debug|Any CPU
		{0AC26FC2-A016-4B26-8663-4C880C6E7741}.Debug|x86.ActiveCfg = Debug|Any CPU
		{0AC26FC2-A016-4B26-8663-4C880C6E7741}.Debug|x86.Build.0 = Debug|Any CPU
		{0AC26FC2-A016-4B26-8663-4C880C6E7741}.Release|Any CPU.ActiveCfg = Release|Any CPU
		{0AC26FC2-A016-4B26-8663-4C880C6E7741}.Release|Any CPU.Build.0 = Release|Any CPU
		{0AC26FC2-A016-4B26-8663-4C880C6E7741}.Release|x64.ActiveCfg = Release|Any CPU
		{0AC26FC2-A016-4B26-8663-4C880C6E7741}.Release|x64.Build.0 = Release|Any CPU
		{0AC26FC2-A016-4B26-8663-4C880C6E7741}.Release|x86.ActiveCfg = Release|Any CPU
		{0AC26FC2-A016-4B26-8663-4C880C6E7741}.Release|x86.Build.0 = Release|Any CPU
		{80559A12-E188-4713-8FC9-BC7C2117F7AD}.Debug|Any CPU.ActiveCfg = Debug|Any CPU
		{80559A12-E188-4713-8FC9-BC7C2117F7AD}.Debug|Any CPU.Build.0 = Debug|Any CPU
		{80559A12-E188-4713-8FC9-BC7C2117F7AD}.Debug|x64.ActiveCfg = Debug|Any CPU
		{80559A12-E188-4713-8FC9-BC7C2117F7AD}.Debug|x64.Build.0 = Debug|Any CPU
		{80559A12-E188-4713-8FC9-BC7C2117F7AD}.Debug|x86.ActiveCfg = Debug|Any CPU
		{80559A12-E188-4713-8FC9-BC7C2117F7AD}.Debug|x86.Build.0 = Debug|Any CPU
		{80559A12-E188-4713-8FC9-BC7C2117F7AD}.Release|Any CPU.ActiveCfg = Release|Any CPU
		{80559A12-E188-4713-8FC9-BC7C2117F7AD}.Release|Any CPU.Build.0 = Release|Any CPU
		{80559A12-E188-4713-8FC9-BC7C2117F7AD}.Release|x64.ActiveCfg = Release|Any CPU
		{80559A12-E188-4713-8FC9-BC7C2117F7AD}.Release|x64.Build.0 = Release|Any CPU
		{80559A12-E188-4713-8FC9-BC7C2117F7AD}.Release|x86.ActiveCfg = Release|Any CPU
		{80559A12-E188-4713-8FC9-BC7C2117F7AD}.Release|x86.Build.0 = Release|Any CPU
		{F11E83E8-ADDB-419E-9EB4-DC5DC9845492}.Debug|Any CPU.ActiveCfg = Debug|Any CPU
		{F11E83E8-ADDB-419E-9EB4-DC5DC9845492}.Debug|Any CPU.Build.0 = Debug|Any CPU
		{F11E83E8-ADDB-419E-9EB4-DC5DC9845492}.Debug|x64.ActiveCfg = Debug|Any CPU
		{F11E83E8-ADDB-419E-9EB4-DC5DC9845492}.Debug|x64.Build.0 = Debug|Any CPU
		{F11E83E8-ADDB-419E-9EB4-DC5DC9845492}.Debug|x86.ActiveCfg = Debug|Any CPU
		{F11E83E8-ADDB-419E-9EB4-DC5DC9845492}.Debug|x86.Build.0 = Debug|Any CPU
		{F11E83E8-ADDB-419E-9EB4-DC5DC9845492}.Release|Any CPU.ActiveCfg = Release|Any CPU
		{F11E83E8-ADDB-419E-9EB4-DC5DC9845492}.Release|Any CPU.Build.0 = Release|Any CPU
		{F11E83E8-ADDB-419E-9EB4-DC5DC9845492}.Release|x64.ActiveCfg = Release|Any CPU
		{F11E83E8-ADDB-419E-9EB4-DC5DC9845492}.Release|x64.Build.0 = Release|Any CPU
		{F11E83E8-ADDB-419E-9EB4-DC5DC9845492}.Release|x86.ActiveCfg = Release|Any CPU
		{F11E83E8-ADDB-419E-9EB4-DC5DC9845492}.Release|x86.Build.0 = Release|Any CPU
		{EEDF3828-16E4-4489-A218-5ECB95FD5BB1}.Debug|Any CPU.ActiveCfg = Debug|Any CPU
		{EEDF3828-16E4-4489-A218-5ECB95FD5BB1}.Debug|Any CPU.Build.0 = Debug|Any CPU
		{EEDF3828-16E4-4489-A218-5ECB95FD5BB1}.Debug|x64.ActiveCfg = Debug|Any CPU
		{EEDF3828-16E4-4489-A218-5ECB95FD5BB1}.Debug|x64.Build.0 = Debug|Any CPU
		{EEDF3828-16E4-4489-A218-5ECB95FD5BB1}.Debug|x86.ActiveCfg = Debug|Any CPU
		{EEDF3828-16E4-4489-A218-5ECB95FD5BB1}.Debug|x86.Build.0 = Debug|Any CPU
		{EEDF3828-16E4-4489-A218-5ECB95FD5BB1}.Release|Any CPU.ActiveCfg = Release|Any CPU
		{EEDF3828-16E4-4489-A218-5ECB95FD5BB1}.Release|Any CPU.Build.0 = Release|Any CPU
		{EEDF3828-16E4-4489-A218-5ECB95FD5BB1}.Release|x64.ActiveCfg = Release|Any CPU
		{EEDF3828-16E4-4489-A218-5ECB95FD5BB1}.Release|x64.Build.0 = Release|Any CPU
		{EEDF3828-16E4-4489-A218-5ECB95FD5BB1}.Release|x86.ActiveCfg = Release|Any CPU
		{EEDF3828-16E4-4489-A218-5ECB95FD5BB1}.Release|x86.Build.0 = Release|Any CPU
		{E6D5BEDE-9085-4B0C-9299-232114E6427E}.Debug|Any CPU.ActiveCfg = Debug|Any CPU
		{E6D5BEDE-9085-4B0C-9299-232114E6427E}.Debug|Any CPU.Build.0 = Debug|Any CPU
		{E6D5BEDE-9085-4B0C-9299-232114E6427E}.Debug|x64.ActiveCfg = Debug|Any CPU
		{E6D5BEDE-9085-4B0C-9299-232114E6427E}.Debug|x64.Build.0 = Debug|Any CPU
		{E6D5BEDE-9085-4B0C-9299-232114E6427E}.Debug|x86.ActiveCfg = Debug|Any CPU
		{E6D5BEDE-9085-4B0C-9299-232114E6427E}.Debug|x86.Build.0 = Debug|Any CPU
		{E6D5BEDE-9085-4B0C-9299-232114E6427E}.Release|Any CPU.ActiveCfg = Release|Any CPU
		{E6D5BEDE-9085-4B0C-9299-232114E6427E}.Release|Any CPU.Build.0 = Release|Any CPU
		{E6D5BEDE-9085-4B0C-9299-232114E6427E}.Release|x64.ActiveCfg = Release|Any CPU
		{E6D5BEDE-9085-4B0C-9299-232114E6427E}.Release|x64.Build.0 = Release|Any CPU
		{E6D5BEDE-9085-4B0C-9299-232114E6427E}.Release|x86.ActiveCfg = Release|Any CPU
		{E6D5BEDE-9085-4B0C-9299-232114E6427E}.Release|x86.Build.0 = Release|Any CPU
		{B23F1EB1-57C7-41F3-B40F-4BAEAC7CADC5}.Debug|Any CPU.ActiveCfg = Debug|Any CPU
		{B23F1EB1-57C7-41F3-B40F-4BAEAC7CADC5}.Debug|Any CPU.Build.0 = Debug|Any CPU
		{B23F1EB1-57C7-41F3-B40F-4BAEAC7CADC5}.Debug|x64.ActiveCfg = Debug|Any CPU
		{B23F1EB1-57C7-41F3-B40F-4BAEAC7CADC5}.Debug|x64.Build.0 = Debug|Any CPU
		{B23F1EB1-57C7-41F3-B40F-4BAEAC7CADC5}.Debug|x86.ActiveCfg = Debug|Any CPU
		{B23F1EB1-57C7-41F3-B40F-4BAEAC7CADC5}.Debug|x86.Build.0 = Debug|Any CPU
		{B23F1EB1-57C7-41F3-B40F-4BAEAC7CADC5}.Release|Any CPU.ActiveCfg = Release|Any CPU
		{B23F1EB1-57C7-41F3-B40F-4BAEAC7CADC5}.Release|Any CPU.Build.0 = Release|Any CPU
		{B23F1EB1-57C7-41F3-B40F-4BAEAC7CADC5}.Release|x64.ActiveCfg = Release|Any CPU
		{B23F1EB1-57C7-41F3-B40F-4BAEAC7CADC5}.Release|x64.Build.0 = Release|Any CPU
		{B23F1EB1-57C7-41F3-B40F-4BAEAC7CADC5}.Release|x86.ActiveCfg = Release|Any CPU
		{B23F1EB1-57C7-41F3-B40F-4BAEAC7CADC5}.Release|x86.Build.0 = Release|Any CPU
		{1D67AC71-768D-4077-8D68-FBE5625647BC}.Debug|Any CPU.ActiveCfg = Debug|Any CPU
		{1D67AC71-768D-4077-8D68-FBE5625647BC}.Debug|Any CPU.Build.0 = Debug|Any CPU
		{1D67AC71-768D-4077-8D68-FBE5625647BC}.Debug|x64.ActiveCfg = Debug|Any CPU
		{1D67AC71-768D-4077-8D68-FBE5625647BC}.Debug|x64.Build.0 = Debug|Any CPU
		{1D67AC71-768D-4077-8D68-FBE5625647BC}.Debug|x86.ActiveCfg = Debug|Any CPU
		{1D67AC71-768D-4077-8D68-FBE5625647BC}.Debug|x86.Build.0 = Debug|Any CPU
		{1D67AC71-768D-4077-8D68-FBE5625647BC}.Release|Any CPU.ActiveCfg = Release|Any CPU
		{1D67AC71-768D-4077-8D68-FBE5625647BC}.Release|Any CPU.Build.0 = Release|Any CPU
		{1D67AC71-768D-4077-8D68-FBE5625647BC}.Release|x64.ActiveCfg = Release|Any CPU
		{1D67AC71-768D-4077-8D68-FBE5625647BC}.Release|x64.Build.0 = Release|Any CPU
		{1D67AC71-768D-4077-8D68-FBE5625647BC}.Release|x86.ActiveCfg = Release|Any CPU
		{1D67AC71-768D-4077-8D68-FBE5625647BC}.Release|x86.Build.0 = Release|Any CPU
		{92581024-9C24-4264-82DC-DA6A40E734E3}.Debug|Any CPU.ActiveCfg = Debug|Any CPU
		{92581024-9C24-4264-82DC-DA6A40E734E3}.Debug|Any CPU.Build.0 = Debug|Any CPU
		{92581024-9C24-4264-82DC-DA6A40E734E3}.Debug|x64.ActiveCfg = Debug|Any CPU
		{92581024-9C24-4264-82DC-DA6A40E734E3}.Debug|x64.Build.0 = Debug|Any CPU
		{92581024-9C24-4264-82DC-DA6A40E734E3}.Debug|x86.ActiveCfg = Debug|Any CPU
		{92581024-9C24-4264-82DC-DA6A40E734E3}.Debug|x86.Build.0 = Debug|Any CPU
		{92581024-9C24-4264-82DC-DA6A40E734E3}.Release|Any CPU.ActiveCfg = Release|Any CPU
		{92581024-9C24-4264-82DC-DA6A40E734E3}.Release|Any CPU.Build.0 = Release|Any CPU
		{92581024-9C24-4264-82DC-DA6A40E734E3}.Release|x64.ActiveCfg = Release|Any CPU
		{92581024-9C24-4264-82DC-DA6A40E734E3}.Release|x64.Build.0 = Release|Any CPU
		{92581024-9C24-4264-82DC-DA6A40E734E3}.Release|x86.ActiveCfg = Release|Any CPU
		{92581024-9C24-4264-82DC-DA6A40E734E3}.Release|x86.Build.0 = Release|Any CPU
	EndGlobalSection
	GlobalSection(SolutionProperties) = preSolution
		HideSolutionNode = FALSE
	EndGlobalSection
	GlobalSection(NestedProjects) = preSolution
		{90298CBA-BD6F-3A0A-69D5-97CAD7B05E7E} = {827E0CD3-B72D-47B6-A68D-7590B98EB39B}
		{BD723EEA-CF5E-4504-9575-939AB8D48768} = {90298CBA-BD6F-3A0A-69D5-97CAD7B05E7E}
		{A0ED8042-7A71-4D08-BEDB-570F817BD414} = {90298CBA-BD6F-3A0A-69D5-97CAD7B05E7E}
		{AE156C2D-CEB6-2932-52E1-7BB3F5577BA2} = {827E0CD3-B72D-47B6-A68D-7590B98EB39B}
		{B4C0C8D1-A8DB-4419-B6E7-5511C6027612} = {AE156C2D-CEB6-2932-52E1-7BB3F5577BA2}
		{A6477F1B-40F4-44E6-827A-BBBE4E5B6607} = {AE156C2D-CEB6-2932-52E1-7BB3F5577BA2}
		{0AA753F0-6182-4600-A185-BA16B392EDAB} = {AE156C2D-CEB6-2932-52E1-7BB3F5577BA2}
		{A4313E01-0BE3-43D3-A4C0-1943851A6178} = {AE156C2D-CEB6-2932-52E1-7BB3F5577BA2}
		{6306A8FB-679E-111F-6585-8F70E0EE6013} = {827E0CD3-B72D-47B6-A68D-7590B98EB39B}
		{D11CA8A9-B842-490C-92B6-4796B10767DB} = {6306A8FB-679E-111F-6585-8F70E0EE6013}
		{65ABFB5D-2B10-DF64-BF12-C17976F8E5D9} = {827E0CD3-B72D-47B6-A68D-7590B98EB39B}
		{6EDB0E35-899E-4DC4-8B41-536561C534F1} = {65ABFB5D-2B10-DF64-BF12-C17976F8E5D9}
		{911A4D68-7C61-471E-855C-67EE154BEFE6} = {65ABFB5D-2B10-DF64-BF12-C17976F8E5D9}
		{52DED702-AB53-4597-B386-462952104FAA} = {65ABFB5D-2B10-DF64-BF12-C17976F8E5D9}
		{B2E19D90-2679-4BC6-8E13-2B3258152F0B} = {65ABFB5D-2B10-DF64-BF12-C17976F8E5D9}
		{6646DC9B-45F7-597F-FD98-DC7F277572B1} = {827E0CD3-B72D-47B6-A68D-7590B98EB39B}
		{6C9F0649-C959-476E-A887-0B38FF2F8275} = {6646DC9B-45F7-597F-FD98-DC7F277572B1}
		{B9663D97-A6CD-4234-BD5F-2C159DE22A0F} = {6646DC9B-45F7-597F-FD98-DC7F277572B1}
		{EEA7CA37-B463-4AC5-A18C-D7CCF6EACCB9} = {6646DC9B-45F7-597F-FD98-DC7F277572B1}
		{D4A15D4D-485E-4B94-B119-18064461B897} = {6646DC9B-45F7-597F-FD98-DC7F277572B1}
		{F27B2340-E7BA-3D4E-2BA0-468913BF6518} = {827E0CD3-B72D-47B6-A68D-7590B98EB39B}
		{FE9050FB-983E-C37B-EEA3-5C8ABB4CBAF9} = {827E0CD3-B72D-47B6-A68D-7590B98EB39B}
		{F06518EF-19F1-4004-99AC-471C9F18F831} = {FE9050FB-983E-C37B-EEA3-5C8ABB4CBAF9}
		{790C37EC-A42F-4688-B258-B8F22F6EB9EB} = {FE9050FB-983E-C37B-EEA3-5C8ABB4CBAF9}
		{E39BE30C-6FAD-430E-B723-68C37F8F45CA} = {FE9050FB-983E-C37B-EEA3-5C8ABB4CBAF9}
		{7DB59B6F-AB1A-4C19-9014-D67EFB898383} = {FE9050FB-983E-C37B-EEA3-5C8ABB4CBAF9}
		{7EBFC35F-CFB5-33FC-478C-BF5D9C05E6B6} = {827E0CD3-B72D-47B6-A68D-7590B98EB39B}
		{98E264BD-0C26-7A02-C8F2-A4D3ED9FA5E1} = {827E0CD3-B72D-47B6-A68D-7590B98EB39B}
		{1587F246-A445-6848-A2A7-CF33120EAB16} = {98E264BD-0C26-7A02-C8F2-A4D3ED9FA5E1}
		{F7518568-131B-00CF-4BA1-17FDB757541D} = {98E264BD-0C26-7A02-C8F2-A4D3ED9FA5E1}
		{60AD0EEC-623E-AF92-5BE1-2284050671EA} = {98E264BD-0C26-7A02-C8F2-A4D3ED9FA5E1}
		{92451DA3-F152-0575-23A0-3E5A85024C19} = {98E264BD-0C26-7A02-C8F2-A4D3ED9FA5E1}
		{0D44676B-7F06-19D8-CB8D-71CE8228271B} = {F27B2340-E7BA-3D4E-2BA0-468913BF6518}
		{F35C648B-2DB3-68BB-3194-FD0F080661C3} = {F27B2340-E7BA-3D4E-2BA0-468913BF6518}
		{06E8548C-04E6-531C-AC4A-EF6016F96C35} = {F27B2340-E7BA-3D4E-2BA0-468913BF6518}
		{72E47644-8F90-5EB2-FE97-707E96AA19E4} = {F27B2340-E7BA-3D4E-2BA0-468913BF6518}
		{02EA681E-C7D8-13C7-8484-4AC65E1B71E8} = {827E0CD3-B72D-47B6-A68D-7590B98EB39B}
		{4276ECAB-4D14-418A-ABE2-A4EF3B3DC9DE} = {02EA681E-C7D8-13C7-8484-4AC65E1B71E8}
		{DCD9B7EC-21B7-478A-BB3C-729827BDD673} = {827E0CD3-B72D-47B6-A68D-7590B98EB39B}
		{25A6764E-DDF0-47C0-88A8-DFC765E82D5E} = {DCD9B7EC-21B7-478A-BB3C-729827BDD673}
		{0AC26FC2-A016-4B26-8663-4C880C6E7741} = {DCD9B7EC-21B7-478A-BB3C-729827BDD673}
		{80559A12-E188-4713-8FC9-BC7C2117F7AD} = {DCD9B7EC-21B7-478A-BB3C-729827BDD673}
		{F11E83E8-ADDB-419E-9EB4-DC5DC9845492} = {DCD9B7EC-21B7-478A-BB3C-729827BDD673}
		{EEDF3828-16E4-4489-A218-5ECB95FD5BB1} = {7EBFC35F-CFB5-33FC-478C-BF5D9C05E6B6}
		{E6D5BEDE-9085-4B0C-9299-232114E6427E} = {7EBFC35F-CFB5-33FC-478C-BF5D9C05E6B6}
		{B23F1EB1-57C7-41F3-B40F-4BAEAC7CADC5} = {7EBFC35F-CFB5-33FC-478C-BF5D9C05E6B6}
		{1D67AC71-768D-4077-8D68-FBE5625647BC} = {7EBFC35F-CFB5-33FC-478C-BF5D9C05E6B6}
		{92581024-9C24-4264-82DC-DA6A40E734E3} = {90298CBA-BD6F-3A0A-69D5-97CAD7B05E7E}
	EndGlobalSection
	GlobalSection(ExtensibilityGlobals) = postSolution
		SolutionGuid = {60A4B638-3A7D-4D02-94D7-28CC0B3EC137}
	EndGlobalSection
EndGlobal
